{
  "pins" : [
    {
      "identity" : "stripe-ios-spm",
      "kind" : "remoteSourceControl",
      "location" : "https://github.com/stripe/stripe-ios-spm",
      "state" : {
        "revision" : "7a8d9bb37b9e85649c39ae9d06dc8d7b319239d1",
        "version" : "23.27.1"
      }
    }
  ],
  "version" : 2
}
